
Microsoft Visual Studio Solution File, Format Version 12.00
# Visual Studio Version 17
VisualStudioVersion = 17.8.34511.84
MinimumVisualStudioVersion = 10.0.40219.1
Project("{9A19103F-16F7-4668-BE54-9A1E7A4F7556}") = "Environmental Modeling Old", "Environmental Modeling\Environmental Modeling Old.csproj", "{DA135C4F-C86F-4DB6-885E-4F710F2689F2}"
EndProject
Project("{FAE04EC0-301F-11D3-BF4B-00C04F79EFBC}") = "Environmental Modeling", "Environmental Modeling2\Environmental Modeling.csproj", "{88E20E8B-36F7-4BB0-A7A9-1B5C3D595B79}"
EndProject
Global
	GlobalSection(SolutionConfigurationPlatforms) = preSolution
		Debug|Any CPU = Debug|Any CPU
		Release|Any CPU = Release|Any CPU
	EndGlobalSection
	GlobalSection(ProjectConfigurationPlatforms) = postSolution
		{DA135C4F-C86F-4DB6-885E-4F710F2689F2}.Debug|Any CPU.ActiveCfg = Debug|Any CPU
		{DA135C4F-C86F-4DB6-885E-4F710F2689F2}.Debug|Any CPU.Build.0 = Debug|Any CPU
		{DA135C4F-C86F-4DB6-885E-4F710F2689F2}.Release|Any CPU.ActiveCfg = Release|Any CPU
		{DA135C4F-C86F-4DB6-885E-4F710F2689F2}.Release|Any CPU.Build.0 = Release|Any CPU
		{88E20E8B-36F7-4BB0-A7A9-1B5C3D595B79}.Debug|Any CPU.ActiveCfg = Debug|Any CPU
		{88E20E8B-36F7-4BB0-A7A9-1B5C3D595B79}.Debug|Any CPU.Build.0 = Debug|Any CPU
		{88E20E8B-36F7-4BB0-A7A9-1B5C3D595B79}.Release|Any CPU.ActiveCfg = Release|Any CPU
		{88E20E8B-36F7-4BB0-A7A9-1B5C3D595B79}.Release|Any CPU.Build.0 = Release|Any CPU
	EndGlobalSection
	GlobalSection(SolutionProperties) = preSolution
		HideSolutionNode = FALSE
	EndGlobalSection
	GlobalSection(ExtensibilityGlobals) = postSolution
		SolutionGuid = {1E5534CA-2A76-4D1D-9E79-5E2629AF960A}
	EndGlobalSection
EndGlobal
